// !$*UTF8*$!
{
	archiveVersion = 1;
	classes = {
	};
	objectVersion = 50;
	objects = {

/* Begin PBXBuildFile section */
		281640FC2146B1F000896FFE /* Mirror.storyboard in Resources */ = {isa = PBXBuildFile; fileRef = 281640FB2146B1F000896FFE /* Mirror.storyboard */; };
		281640FE2146B1FB00896FFE /* MirrorViewController.swift in Sources */ = {isa = PBXBuildFile; fileRef = 281640FD2146B1FB00896FFE /* MirrorViewController.swift */; };
		281641002146B24000896FFE /* BusinessCard.storyboard in Resources */ = {isa = PBXBuildFile; fileRef = 281640FF2146B24000896FFE /* BusinessCard.storyboard */; };
		281641022146B25400896FFE /* BusinessCardViewController.swift in Sources */ = {isa = PBXBuildFile; fileRef = 281641012146B25400896FFE /* BusinessCardViewController.swift */; };
		281641052146B36200896FFE /* Face.storyboard in Resources */ = {isa = PBXBuildFile; fileRef = 281641042146B36200896FFE /* Face.storyboard */; };
		281641072146B36D00896FFE /* FaceViewController.swift in Sources */ = {isa = PBXBuildFile; fileRef = 281641062146B36D00896FFE /* FaceViewController.swift */; };
		281641092146B4A700896FFE /* Picture.storyboard in Resources */ = {isa = PBXBuildFile; fileRef = 281641082146B4A700896FFE /* Picture.storyboard */; };
		2816410B2146B4BA00896FFE /* Doodle.storyboard in Resources */ = {isa = PBXBuildFile; fileRef = 2816410A2146B4BA00896FFE /* Doodle.storyboard */; };
		281641112146B57800896FFE /* DoodleViewController.swift in Sources */ = {isa = PBXBuildFile; fileRef = 281641102146B57800896FFE /* DoodleViewController.swift */; };
		281641132146B58200896FFE /* PictureViewController.swift in Sources */ = {isa = PBXBuildFile; fileRef = 281641122146B58200896FFE /* PictureViewController.swift */; };
		285F9477217B5B8500E9A6AE /* 3DModel.storyboard in Resources */ = {isa = PBXBuildFile; fileRef = 285F9476217B5B8500E9A6AE /* 3DModel.storyboard */; };
		285F9479217B5B9700E9A6AE /* 3DModelViewController.swift in Sources */ = {isa = PBXBuildFile; fileRef = 285F9478217B5B9700E9A6AE /* 3DModelViewController.swift */; };
		287176D32144F800000E4470 /* TextNode.swift in Sources */ = {isa = PBXBuildFile; fileRef = 287176D22144F800000E4470 /* TextNode.swift */; };
		288D3BF421452DA500855D36 /* Starjhol.ttf in Resources */ = {isa = PBXBuildFile; fileRef = 288D3BF121452DA500855D36 /* Starjhol.ttf */; };
		288D3BF521452DA500855D36 /* Star_Jedi_Rounded.ttf in Resources */ = {isa = PBXBuildFile; fileRef = 288D3BF221452DA500855D36 /* Star_Jedi_Rounded.ttf */; };
		288D3BF621452DA500855D36 /* Starjedi.ttf in Resources */ = {isa = PBXBuildFile; fileRef = 288D3BF321452DA500855D36 /* Starjedi.ttf */; };
		289C33EE2146A19C00643301 /* Remote.storyboard in Resources */ = {isa = PBXBuildFile; fileRef = 289C33ED2146A19C00643301 /* Remote.storyboard */; };
		289C33F02146A1A800643301 /* RemoteViewController.swift in Sources */ = {isa = PBXBuildFile; fileRef = 289C33EF2146A1A800643301 /* RemoteViewController.swift */; };
		28ABE77C2151DA9400EF50E1 /* PlaneDetection.storyboard in Resources */ = {isa = PBXBuildFile; fileRef = 28ABE77B2151DA9400EF50E1 /* PlaneDetection.storyboard */; };
		28ABE77E2151DAA700EF50E1 /* PlaneDetectionViewController.swift in Sources */ = {isa = PBXBuildFile; fileRef = 28ABE77D2151DAA700EF50E1 /* PlaneDetectionViewController.swift */; };
		28C4FA8F21415F54006C4577 /* AppDelegate.swift in Sources */ = {isa = PBXBuildFile; fileRef = 28C4FA8E21415F54006C4577 /* AppDelegate.swift */; };
		28C4FA9121415F54006C4577 /* art.scnassets in Resources */ = {isa = PBXBuildFile; fileRef = 28C4FA9021415F54006C4577 /* art.scnassets */; };
		28C4FA9321415F54006C4577 /* MemoViewController.swift in Sources */ = {isa = PBXBuildFile; fileRef = 28C4FA9221415F54006C4577 /* MemoViewController.swift */; };
		28C4FA9621415F54006C4577 /* Main.storyboard in Resources */ = {isa = PBXBuildFile; fileRef = 28C4FA9421415F54006C4577 /* Main.storyboard */; };
		28C4FA9821415F55006C4577 /* Assets.xcassets in Resources */ = {isa = PBXBuildFile; fileRef = 28C4FA9721415F55006C4577 /* Assets.xcassets */; };
		28C4FA9B21415F55006C4577 /* LaunchScreen.storyboard in Resources */ = {isa = PBXBuildFile; fileRef = 28C4FA9921415F55006C4577 /* LaunchScreen.storyboard */; };
		28C4FAAC2144EF98006C4577 /* MenuViewController.swift in Sources */ = {isa = PBXBuildFile; fileRef = 28C4FAAB2144EF98006C4577 /* MenuViewController.swift */; };
		28C4FAAE2144EFA4006C4577 /* Memo.storyboard in Resources */ = {isa = PBXBuildFile; fileRef = 28C4FAAD2144EFA3006C4577 /* Memo.storyboard */; };
/* End PBXBuildFile section */

/* Begin PBXFileReference section */
		280A32B421507566002D8F8C /* README.md */ = {isa = PBXFileReference; fileEncoding = 4; lastKnownFileType = net.daringfireball.markdown; path = README.md; sourceTree = "<group>"; };
		281640FB2146B1F000896FFE /* Mirror.storyboard */ = {isa = PBXFileReference; lastKnownFileType = file.storyboard; path = Mirror.storyboard; sourceTree = "<group>"; };
		281640FD2146B1FB00896FFE /* MirrorViewController.swift */ = {isa = PBXFileReference; lastKnownFileType = sourcecode.swift; path = MirrorViewController.swift; sourceTree = "<group>"; };
		281640FF2146B24000896FFE /* BusinessCard.storyboard */ = {isa = PBXFileReference; lastKnownFileType = file.storyboard; path = BusinessCard.storyboard; sourceTree = "<group>"; };
		281641012146B25400896FFE /* BusinessCardViewController.swift */ = {isa = PBXFileReference; lastKnownFileType = sourcecode.swift; path = BusinessCardViewController.swift; sourceTree = "<group>"; };
		281641042146B36200896FFE /* Face.storyboard */ = {isa = PBXFileReference; lastKnownFileType = file.storyboard; path = Face.storyboard; sourceTree = "<group>"; };
		281641062146B36D00896FFE /* FaceViewController.swift */ = {isa = PBXFileReference; lastKnownFileType = sourcecode.swift; path = FaceViewController.swift; sourceTree = "<group>"; };
		281641082146B4A700896FFE /* Picture.storyboard */ = {isa = PBXFileReference; lastKnownFileType = file.storyboard; path = Picture.storyboard; sourceTree = "<group>"; };
		2816410A2146B4BA00896FFE /* Doodle.storyboard */ = {isa = PBXFileReference; lastKnownFileType = file.storyboard; path = Doodle.storyboard; sourceTree = "<group>"; };
		281641102146B57800896FFE /* DoodleViewController.swift */ = {isa = PBXFileReference; lastKnownFileType = sourcecode.swift; path = DoodleViewController.swift; sourceTree = "<group>"; };
		281641122146B58200896FFE /* PictureViewController.swift */ = {isa = PBXFileReference; lastKnownFileType = sourcecode.swift; path = PictureViewController.swift; sourceTree = "<group>"; };
		285F9476217B5B8500E9A6AE /* 3DModel.storyboard */ = {isa = PBXFileReference; lastKnownFileType = file.storyboard; path = 3DModel.storyboard; sourceTree = "<group>"; };
		285F9478217B5B9700E9A6AE /* 3DModelViewController.swift */ = {isa = PBXFileReference; lastKnownFileType = sourcecode.swift; path = 3DModelViewController.swift; sourceTree = "<group>"; };
		287176D22144F800000E4470 /* TextNode.swift */ = {isa = PBXFileReference; lastKnownFileType = sourcecode.swift; path = TextNode.swift; sourceTree = "<group>"; };
		288D3BF121452DA500855D36 /* Starjhol.ttf */ = {isa = PBXFileReference; lastKnownFileType = file; path = Starjhol.ttf; sourceTree = "<group>"; };
		288D3BF221452DA500855D36 /* Star_Jedi_Rounded.ttf */ = {isa = PBXFileReference; lastKnownFileType = file; path = Star_Jedi_Rounded.ttf; sourceTree = "<group>"; };
		288D3BF321452DA500855D36 /* Starjedi.ttf */ = {isa = PBXFileReference; lastKnownFileType = file; path = Starjedi.ttf; sourceTree = "<group>"; };
		289C33ED2146A19C00643301 /* Remote.storyboard */ = {isa = PBXFileReference; lastKnownFileType = file.storyboard; path = Remote.storyboard; sourceTree = "<group>"; };
		289C33EF2146A1A800643301 /* RemoteViewController.swift */ = {isa = PBXFileReference; lastKnownFileType = sourcecode.swift; path = RemoteViewController.swift; sourceTree = "<group>"; };
		28ABE77B2151DA9400EF50E1 /* PlaneDetection.storyboard */ = {isa = PBXFileReference; lastKnownFileType = file.storyboard; path = PlaneDetection.storyboard; sourceTree = "<group>"; };
		28ABE77D2151DAA700EF50E1 /* PlaneDetectionViewController.swift */ = {isa = PBXFileReference; lastKnownFileType = sourcecode.swift; path = PlaneDetectionViewController.swift; sourceTree = "<group>"; };
		28C4FA8B21415F54006C4577 /* ARKit-Emperor.app */ = {isa = PBXFileReference; explicitFileType = wrapper.application; includeInIndex = 0; path = "ARKit-Emperor.app"; sourceTree = BUILT_PRODUCTS_DIR; };
		28C4FA8E21415F54006C4577 /* AppDelegate.swift */ = {isa = PBXFileReference; lastKnownFileType = sourcecode.swift; path = AppDelegate.swift; sourceTree = "<group>"; };
		28C4FA9021415F54006C4577 /* art.scnassets */ = {isa = PBXFileReference; lastKnownFileType = wrapper.scnassets; path = art.scnassets; sourceTree = "<group>"; };
		28C4FA9221415F54006C4577 /* MemoViewController.swift */ = {isa = PBXFileReference; lastKnownFileType = sourcecode.swift; path = MemoViewController.swift; sourceTree = "<group>"; };
		28C4FA9521415F54006C4577 /* Base */ = {isa = PBXFileReference; lastKnownFileType = file.storyboard; name = Base; path = Base.lproj/Main.storyboard; sourceTree = "<group>"; };
		28C4FA9721415F55006C4577 /* Assets.xcassets */ = {isa = PBXFileReference; lastKnownFileType = folder.assetcatalog; path = Assets.xcassets; sourceTree = "<group>"; };
		28C4FA9A21415F55006C4577 /* Base */ = {isa = PBXFileReference; lastKnownFileType = file.storyboard; name = Base; path = Base.lproj/LaunchScreen.storyboard; sourceTree = "<group>"; };
		28C4FA9C21415F55006C4577 /* Info.plist */ = {isa = PBXFileReference; lastKnownFileType = text.plist.xml; path = Info.plist; sourceTree = "<group>"; };
		28C4FAAB2144EF98006C4577 /* MenuViewController.swift */ = {isa = PBXFileReference; lastKnownFileType = sourcecode.swift; path = MenuViewController.swift; sourceTree = "<group>"; };
		28C4FAAD2144EFA3006C4577 /* Memo.storyboard */ = {isa = PBXFileReference; lastKnownFileType = file.storyboard; path = Memo.storyboard; sourceTree = "<group>"; };
/* End PBXFileReference section */

/* Begin PBXFrameworksBuildPhase section */
		28C4FA8821415F54006C4577 /* Frameworks */ = {
			isa = PBXFrameworksBuildPhase;
			buildActionMask = 2147483647;
			files = (
			);
			runOnlyForDeploymentPostprocessing = 0;
		};
/* End PBXFrameworksBuildPhase section */

/* Begin PBXGroup section */
		281641032146B2E600896FFE /* Face */ = {
			isa = PBXGroup;
			children = (
				281641042146B36200896FFE /* Face.storyboard */,
				281641062146B36D00896FFE /* FaceViewController.swift */,
			);
			path = Face;
			sourceTree = "<group>";
		};
		285F9475217B5B3900E9A6AE /* 3DModel */ = {
			isa = PBXGroup;
			children = (
				285F9476217B5B8500E9A6AE /* 3DModel.storyboard */,
				285F9478217B5B9700E9A6AE /* 3DModelViewController.swift */,
			);
			path = 3DModel;
			sourceTree = "<group>";
		};
		285F947A217B5CA400E9A6AE /* Resources */ = {
			isa = PBXGroup;
			children = (
			);
			path = Resources;
			sourceTree = "<group>";
		};
		288D3BEF21452D5400855D36 /* Resourse */ = {
			isa = PBXGroup;
			children = (
				288D3BF221452DA500855D36 /* Star_Jedi_Rounded.ttf */,
				288D3BF321452DA500855D36 /* Starjedi.ttf */,
				288D3BF121452DA500855D36 /* Starjhol.ttf */,
			);
			path = Resourse;
			sourceTree = "<group>";
		};
		288D3BF021452D8B00855D36 /* View */ = {
			isa = PBXGroup;
			children = (
				28C4FAAA2144EF55006C4577 /* Top */,
				28C4FAA82144EF27006C4577 /* Doodle */,
				28C4FAA92144EF37006C4577 /* Picture */,
				28ABE77A2151DA7900EF50E1 /* PlaneDetection */,
				281641032146B2E600896FFE /* Face */,
				28C4FAA32144EE2A006C4577 /* Memo */,
				28C4FAA52144EE66006C4577 /* Mirror */,
				28C4FAA62144EE7B006C4577 /* BusinessCard */,
				28C4FAA42144EE55006C4577 /* Remote */,
				285F9475217B5B3900E9A6AE /* 3DModel */,
			);
			path = View;
			sourceTree = "<group>";
		};
		28ABE77A2151DA7900EF50E1 /* PlaneDetection */ = {
			isa = PBXGroup;
			children = (
				28ABE77B2151DA9400EF50E1 /* PlaneDetection.storyboard */,
				28ABE77D2151DAA700EF50E1 /* PlaneDetectionViewController.swift */,
			);
			path = PlaneDetection;
			sourceTree = "<group>";
		};
		28C4FA8221415F54006C4577 = {
			isa = PBXGroup;
			children = (
				280A32B421507566002D8F8C /* README.md */,
				28C4FA8D21415F54006C4577 /* ARKit-Emperor */,
				28C4FA8C21415F54006C4577 /* Products */,
			);
			sourceTree = "<group>";
		};
		28C4FA8C21415F54006C4577 /* Products */ = {
			isa = PBXGroup;
			children = (
				28C4FA8B21415F54006C4577 /* ARKit-Emperor.app */,
			);
			name = Products;
			sourceTree = "<group>";
		};
		28C4FA8D21415F54006C4577 /* ARKit-Emperor */ = {
			isa = PBXGroup;
			children = (
				28C4FA8E21415F54006C4577 /* AppDelegate.swift */,
				28C4FA9921415F55006C4577 /* LaunchScreen.storyboard */,
				288D3BEF21452D5400855D36 /* Resourse */,
				288D3BF021452D8B00855D36 /* View */,
				285F947A217B5CA400E9A6AE /* Resources */,
				28C4FA9021415F54006C4577 /* art.scnassets */,
				28C4FA9721415F55006C4577 /* Assets.xcassets */,
				28C4FA9C21415F55006C4577 /* Info.plist */,
			);
			path = "ARKit-Emperor";
			sourceTree = "<group>";
		};
		28C4FAA32144EE2A006C4577 /* Memo */ = {
			isa = PBXGroup;
			children = (
				28C4FAAD2144EFA3006C4577 /* Memo.storyboard */,
				28C4FA9221415F54006C4577 /* MemoViewController.swift */,
				287176D22144F800000E4470 /* TextNode.swift */,
			);
			path = Memo;
			sourceTree = "<group>";
		};
		28C4FAA42144EE55006C4577 /* Remote */ = {
			isa = PBXGroup;
			children = (
				289C33ED2146A19C00643301 /* Remote.storyboard */,
				289C33EF2146A1A800643301 /* RemoteViewController.swift */,
			);
			path = Remote;
			sourceTree = "<group>";
		};
		28C4FAA52144EE66006C4577 /* Mirror */ = {
			isa = PBXGroup;
			children = (
				281640FB2146B1F000896FFE /* Mirror.storyboard */,
				281640FD2146B1FB00896FFE /* MirrorViewController.swift */,
			);
			path = Mirror;
			sourceTree = "<group>";
		};
		28C4FAA62144EE7B006C4577 /* BusinessCard */ = {
			isa = PBXGroup;
			children = (
				281640FF2146B24000896FFE /* BusinessCard.storyboard */,
				281641012146B25400896FFE /* BusinessCardViewController.swift */,
			);
			path = BusinessCard;
			sourceTree = "<group>";
		};
		28C4FAA82144EF27006C4577 /* Doodle */ = {
			isa = PBXGroup;
			children = (
				2816410A2146B4BA00896FFE /* Doodle.storyboard */,
				281641102146B57800896FFE /* DoodleViewController.swift */,
			);
			path = Doodle;
			sourceTree = "<group>";
		};
		28C4FAA92144EF37006C4577 /* Picture */ = {
			isa = PBXGroup;
			children = (
				281641082146B4A700896FFE /* Picture.storyboard */,
				281641122146B58200896FFE /* PictureViewController.swift */,
			);
			path = Picture;
			sourceTree = "<group>";
		};
		28C4FAAA2144EF55006C4577 /* Top */ = {
			isa = PBXGroup;
			children = (
				28C4FA9421415F54006C4577 /* Main.storyboard */,
				28C4FAAB2144EF98006C4577 /* MenuViewController.swift */,
			);
			path = Top;
			sourceTree = "<group>";
		};
/* End PBXGroup section */

/* Begin PBXNativeTarget section */
		28C4FA8A21415F54006C4577 /* ARKit-Emperor */ = {
			isa = PBXNativeTarget;
			buildConfigurationList = 28C4FA9F21415F55006C4577 /* Build configuration list for PBXNativeTarget "ARKit-Emperor" */;
			buildPhases = (
				28C4FA8721415F54006C4577 /* Sources */,
				28C4FA8821415F54006C4577 /* Frameworks */,
				28C4FA8921415F54006C4577 /* Resources */,
			);
			buildRules = (
			);
			dependencies = (
			);
			name = "ARKit-Emperor";
			productName = "ARKit-Emperor";
			productReference = 28C4FA8B21415F54006C4577 /* ARKit-Emperor.app */;
			productType = "com.apple.product-type.application";
		};
/* End PBXNativeTarget section */

/* Begin PBXProject section */
		28C4FA8321415F54006C4577 /* Project object */ = {
			isa = PBXProject;
			attributes = {
				LastSwiftUpdateCheck = 0940;
				LastUpgradeCheck = 0940;
				ORGANIZATIONNAME = KBOY;
				TargetAttributes = {
					28C4FA8A21415F54006C4577 = {
						CreatedOnToolsVersion = 9.4.1;
					};
				};
			};
			buildConfigurationList = 28C4FA8621415F54006C4577 /* Build configuration list for PBXProject "ARKit-Emperor" */;
			compatibilityVersion = "Xcode 9.3";
			developmentRegion = en;
			hasScannedForEncodings = 0;
			knownRegions = (
				en,
				Base,
			);
			mainGroup = 28C4FA8221415F54006C4577;
			productRefGroup = 28C4FA8C21415F54006C4577 /* Products */;
			projectDirPath = "";
			projectRoot = "";
			targets = (
				28C4FA8A21415F54006C4577 /* ARKit-Emperor */,
			);
		};
/* End PBXProject section */

/* Begin PBXResourcesBuildPhase section */
		28C4FA8921415F54006C4577 /* Resources */ = {
			isa = PBXResourcesBuildPhase;
			buildActionMask = 2147483647;
			files = (
				28C4FA9121415F54006C4577 /* art.scnassets in Resources */,
				285F9477217B5B8500E9A6AE /* 3DModel.storyboard in Resources */,
				281641002146B24000896FFE /* BusinessCard.storyboard in Resources */,
				288D3BF421452DA500855D36 /* Starjhol.ttf in Resources */,
				28C4FA9B21415F55006C4577 /* LaunchScreen.storyboard in Resources */,
				28C4FA9821415F55006C4577 /* Assets.xcassets in Resources */,
				28C4FA9621415F54006C4577 /* Main.storyboard in Resources */,
				281641092146B4A700896FFE /* Picture.storyboard in Resources */,
				281640FC2146B1F000896FFE /* Mirror.storyboard in Resources */,
				288D3BF521452DA500855D36 /* Star_Jedi_Rounded.ttf in Resources */,
				28ABE77C2151DA9400EF50E1 /* PlaneDetection.storyboard in Resources */,
				289C33EE2146A19C00643301 /* Remote.storyboard in Resources */,
				281641052146B36200896FFE /* Face.storyboard in Resources */,
				2816410B2146B4BA00896FFE /* Doodle.storyboard in Resources */,
				288D3BF621452DA500855D36 /* Starjedi.ttf in Resources */,
				28C4FAAE2144EFA4006C4577 /* Memo.storyboard in Resources */,
			);
			runOnlyForDeploymentPostprocessing = 0;
		};
/* End PBXResourcesBuildPhase section */

/* Begin PBXSourcesBuildPhase section */
		28C4FA8721415F54006C4577 /* Sources */ = {
			isa = PBXSourcesBuildPhase;
			buildActionMask = 2147483647;
			files = (
				287176D32144F800000E4470 /* TextNode.swift in Sources */,
				281641132146B58200896FFE /* PictureViewController.swift in Sources */,
				281641072146B36D00896FFE /* FaceViewController.swift in Sources */,
				289C33F02146A1A800643301 /* RemoteViewController.swift in Sources */,
				28C4FA9321415F54006C4577 /* MemoViewController.swift in Sources */,
				285F9479217B5B9700E9A6AE /* 3DModelViewController.swift in Sources */,
				28ABE77E2151DAA700EF50E1 /* PlaneDetectionViewController.swift in Sources */,
				281641022146B25400896FFE /* BusinessCardViewController.swift in Sources */,
				28C4FAAC2144EF98006C4577 /* MenuViewController.swift in Sources */,
				28C4FA8F21415F54006C4577 /* AppDelegate.swift in Sources */,
				281640FE2146B1FB00896FFE /* MirrorViewController.swift in Sources */,
				281641112146B57800896FFE /* DoodleViewController.swift in Sources */,
			);
			runOnlyForDeploymentPostprocessing = 0;
		};
/* End PBXSourcesBuildPhase section */

/* Begin PBXVariantGroup section */
		28C4FA9421415F54006C4577 /* Main.storyboard */ = {
			isa = PBXVariantGroup;
			children = (
				28C4FA9521415F54006C4577 /* Base */,
			);
			name = Main.storyboard;
			sourceTree = "<group>";
		};
		28C4FA9921415F55006C4577 /* LaunchScreen.storyboard */ = {
			isa = PBXVariantGroup;
			children = (
				28C4FA9A21415F55006C4577 /* Base */,
			);
			name = LaunchScreen.storyboard;
			sourceTree = "<group>";
		};
/* End PBXVariantGroup section */

/* Begin XCBuildConfiguration section */
		28C4FA9D21415F55006C4577 /* Debug */ = {
			isa = XCBuildConfiguration;
			buildSettings = {
				ALWAYS_SEARCH_USER_PATHS = NO;
				CLANG_ANALYZER_NONNULL = YES;
				CLANG_ANALYZER_NUMBER_OBJECT_CONVERSION = YES_AGGRESSIVE;
				CLANG_CXX_LANGUAGE_STANDARD = "gnu++14";
				CLANG_CXX_LIBRARY = "libc++";
				CLANG_ENABLE_MODULES = YES;
				CLANG_ENABLE_OBJC_ARC = YES;
				CLANG_ENABLE_OBJC_WEAK = YES;
				CLANG_WARN_BLOCK_CAPTURE_AUTORELEASING = YES;
				CLANG_WARN_BOOL_CONVERSION = YES;
				CLANG_WARN_COMMA = YES;
				CLANG_WARN_CONSTANT_CONVERSION = YES;
				CLANG_WARN_DEPRECATED_OBJC_IMPLEMENTATIONS = YES;
				CLANG_WARN_DIRECT_OBJC_ISA_USAGE = YES_ERROR;
				CLANG_WARN_DOCUMENTATION_COMMENTS = YES;
				CLANG_WARN_EMPTY_BODY = YES;
				CLANG_WARN_ENUM_CONVERSION = YES;
				CLANG_WARN_INFINITE_RECURSION = YES;
				CLANG_WARN_INT_CONVERSION = YES;
				CLANG_WARN_NON_LITERAL_NULL_CONVERSION = YES;
				CLANG_WARN_OBJC_IMPLICIT_RETAIN_SELF = YES;
				CLANG_WARN_OBJC_LITERAL_CONVERSION = YES;
				CLANG_WARN_OBJC_ROOT_CLASS = YES_ERROR;
				CLANG_WARN_RANGE_LOOP_ANALYSIS = YES;
				CLANG_WARN_STRICT_PROTOTYPES = YES;
				CLANG_WARN_SUSPICIOUS_MOVE = YES;
				CLANG_WARN_UNGUARDED_AVAILABILITY = YES_AGGRESSIVE;
				CLANG_WARN_UNREACHABLE_CODE = YES;
				CLANG_WARN__DUPLICATE_METHOD_MATCH = YES;
				CODE_SIGN_IDENTITY = "iPhone Developer";
				COPY_PHASE_STRIP = NO;
				DEBUG_INFORMATION_FORMAT = dwarf;
				ENABLE_STRICT_OBJC_MSGSEND = YES;
				ENABLE_TESTABILITY = YES;
				GCC_C_LANGUAGE_STANDARD = gnu11;
				GCC_DYNAMIC_NO_PIC = NO;
				GCC_NO_COMMON_BLOCKS = YES;
				GCC_OPTIMIZATION_LEVEL = 0;
				GCC_PREPROCESSOR_DEFINITIONS = (
					"DEBUG=1",
					"$(inherited)",
				);
				GCC_WARN_64_TO_32_BIT_CONVERSION = YES;
				GCC_WARN_ABOUT_RETURN_TYPE = YES_ERROR;
				GCC_WARN_UNDECLARED_SELECTOR = YES;
				GCC_WARN_UNINITIALIZED_AUTOS = YES_AGGRESSIVE;
				GCC_WARN_UNUSED_FUNCTION = YES;
				GCC_WARN_UNUSED_VARIABLE = YES;
				IPHONEOS_DEPLOYMENT_TARGET = 11.4;
				MTL_ENABLE_DEBUG_INFO = YES;
				ONLY_ACTIVE_ARCH = YES;
				SDKROOT = iphoneos;
				SWIFT_ACTIVE_COMPILATION_CONDITIONS = DEBUG;
				SWIFT_OPTIMIZATION_LEVEL = "-Onone";
			};
			name = Debug;
		};
		28C4FA9E21415F55006C4577 /* Release */ = {
			isa = XCBuildConfiguration;
			buildSettings = {
				ALWAYS_SEARCH_USER_PATHS = NO;
				CLANG_ANALYZER_NONNULL = YES;
				CLANG_ANALYZER_NUMBER_OBJECT_CONVERSION = YES_AGGRESSIVE;
				CLANG_CXX_LANGUAGE_STANDARD = "gnu++14";
				CLANG_CXX_LIBRARY = "libc++";
				CLANG_ENABLE_MODULES = YES;
				CLANG_ENABLE_OBJC_ARC = YES;
				CLANG_ENABLE_OBJC_WEAK = YES;
				CLANG_WARN_BLOCK_CAPTURE_AUTORELEASING = YES;
				CLANG_WARN_BOOL_CONVERSION = YES;
				CLANG_WARN_COMMA = YES;
				CLANG_WARN_CONSTANT_CONVERSION = YES;
				CLANG_WARN_DEPRECATED_OBJC_IMPLEMENTATIONS = YES;
				CLANG_WARN_DIRECT_OBJC_ISA_USAGE = YES_ERROR;
				CLANG_WARN_DOCUMENTATION_COMMENTS = YES;
				CLANG_WARN_EMPTY_BODY = YES;
				CLANG_WARN_ENUM_CONVERSION = YES;
				CLANG_WARN_INFINITE_RECURSION = YES;
				CLANG_WARN_INT_CONVERSION = YES;
				CLANG_WARN_NON_LITERAL_NULL_CONVERSION = YES;
				CLANG_WARN_OBJC_IMPLICIT_RETAIN_SELF = YES;
				CLANG_WARN_OBJC_LITERAL_CONVERSION = YES;
				CLANG_WARN_OBJC_ROOT_CLASS = YES_ERROR;
				CLANG_WARN_RANGE_LOOP_ANALYSIS = YES;
				CLANG_WARN_STRICT_PROTOTYPES = YES;
				CLANG_WARN_SUSPICIOUS_MOVE = YES;
				CLANG_WARN_UNGUARDED_AVAILABILITY = YES_AGGRESSIVE;
				CLANG_WARN_UNREACHABLE_CODE = YES;
				CLANG_WARN__DUPLICATE_METHOD_MATCH = YES;
				CODE_SIGN_IDENTITY = "iPhone Developer";
				COPY_PHASE_STRIP = NO;
				DEBUG_INFORMATION_FORMAT = "dwarf-with-dsym";
				ENABLE_NS_ASSERTIONS = NO;
				ENABLE_STRICT_OBJC_MSGSEND = YES;
				GCC_C_LANGUAGE_STANDARD = gnu11;
				GCC_NO_COMMON_BLOCKS = YES;
				GCC_WARN_64_TO_32_BIT_CONVERSION = YES;
				GCC_WARN_ABOUT_RETURN_TYPE = YES_ERROR;
				GCC_WARN_UNDECLARED_SELECTOR = YES;
				GCC_WARN_UNINITIALIZED_AUTOS = YES_AGGRESSIVE;
				GCC_WARN_UNUSED_FUNCTION = YES;
				GCC_WARN_UNUSED_VARIABLE = YES;
				IPHONEOS_DEPLOYMENT_TARGET = 11.4;
				MTL_ENABLE_DEBUG_INFO = NO;
				SDKROOT = iphoneos;
				SWIFT_COMPILATION_MODE = wholemodule;
				SWIFT_OPTIMIZATION_LEVEL = "-O";
				VALIDATE_PRODUCT = YES;
			};
			name = Release;
		};
		28C4FAA021415F55006C4577 /* Debug */ = {
			isa = XCBuildConfiguration;
			buildSettings = {
				ASSETCATALOG_COMPILER_APPICON_NAME = AppIcon;
				CODE_SIGN_STYLE = Automatic;
				DEVELOPMENT_TEAM = FB6D8X43R8;
				INFOPLIST_FILE = "ARKit-Emperor/Info.plist";
				IPHONEOS_DEPLOYMENT_TARGET = 12.0;
				LD_RUNPATH_SEARCH_PATHS = (
					"$(inherited)",
					"@executable_path/Frameworks",
				);
				PRODUCT_BUNDLE_IDENTIFIER = "net.kboy.ARKit-Emperor";
				PRODUCT_NAME = "$(TARGET_NAME)";
				SWIFT_VERSION = 4.0;
				TARGETED_DEVICE_FAMILY = "1,2";
			};
			name = Debug;
		};
		28C4FAA121415F55006C4577 /* Release */ = {
			isa = XCBuildConfiguration;
			buildSettings = {
				ASSETCATALOG_COMPILER_APPICON_NAME = AppIcon;
				CODE_SIGN_STYLE = Automatic;
				DEVELOPMENT_TEAM = FB6D8X43R8;
				INFOPLIST_FILE = "ARKit-Emperor/Info.plist";
				IPHONEOS_DEPLOYMENT_TARGET = 12.0;
				LD_RUNPATH_SEARCH_PATHS = (
					"$(inherited)",
					"@executable_path/Frameworks",
				);
				PRODUCT_BUNDLE_IDENTIFIER = "net.kboy.ARKit-Emperor";
				PRODUCT_NAME = "$(TARGET_NAME)";
				SWIFT_VERSION = 4.0;
				TARGETED_DEVICE_FAMILY = "1,2";
			};
			name = Release;
		};
/* End XCBuildConfiguration section */

/* Begin XCConfigurationList section */
		28C4FA8621415F54006C4577 /* Build configuration list for PBXProject "ARKit-Emperor" */ = {
			isa = XCConfigurationList;
			buildConfigurations = (
				28C4FA9D21415F55006C4577 /* Debug */,
				28C4FA9E21415F55006C4577 /* Release */,
			);
			defaultConfigurationIsVisible = 0;
			defaultConfigurationName = Release;
		};
		28C4FA9F21415F55006C4577 /* Build configuration list for PBXNativeTarget "ARKit-Emperor" */ = {
			isa = XCConfigurationList;
			buildConfigurations = (
				28C4FAA021415F55006C4577 /* Debug */,
				28C4FAA121415F55006C4577 /* Release */,
			);
			defaultConfigurationIsVisible = 0;
			defaultConfigurationName = Release;
		};
/* End XCConfigurationList section */
	};
	rootObject = 28C4FA8321415F54006C4577 /* Project object */;
}
